// !$*UTF8*$!
{
	archiveVersion = 1;
	classes = {
	};
	objectVersion = 46;
	objects = {

/* Begin PBXBuildFile section */
		6B81B56F180E2B150027B19B /* Foundation.framework in Frameworks */ = {isa = PBXBuildFile; fileRef = 6B81B56E180E2B150027B19B /* Foundation.framework */; };
		6B81B571180E2B150027B19B /* CoreGraphics.framework in Frameworks */ = {isa = PBXBuildFile; fileRef = 6B81B570180E2B150027B19B /* CoreGraphics.framework */; };
		6B81B573180E2B150027B19B /* UIKit.framework in Frameworks */ = {isa = PBXBuildFile; fileRef = 6B81B572180E2B150027B19B /* UIKit.framework */; };
		6B81B579180E2B150027B19B /* InfoPlist.strings in Resources */ = {isa = PBXBuildFile; fileRef = 6B81B577180E2B150027B19B /* InfoPlist.strings */; };
		6B81B57B180E2B150027B19B /* main.m in Sources */ = {isa = PBXBuildFile; fileRef = 6B81B57A180E2B150027B19B /* main.m */; };
		6B81B57F180E2B150027B19B /* AppDelegate.m in Sources */ = {isa = PBXBuildFile; fileRef = 6B81B57E180E2B150027B19B /* AppDelegate.m */; };
		6B81B582180E2B150027B19B /* Main.storyboard in Resources */ = {isa = PBXBuildFile; fileRef = 6B81B580180E2B150027B19B /* Main.storyboard */; };
		6B81B585180E2B150027B19B /* ViewController.m in Sources */ = {isa = PBXBuildFile; fileRef = 6B81B584180E2B150027B19B /* ViewController.m */; };
		6B81B587180E2B150027B19B /* Images.xcassets in Resources */ = {isa = PBXBuildFile; fileRef = 6B81B586180E2B150027B19B /* Images.xcassets */; };
		6B81B58E180E2B150027B19B /* XCTest.framework in Frameworks */ = {isa = PBXBuildFile; fileRef = 6B81B58D180E2B150027B19B /* XCTest.framework */; };
		6B81B58F180E2B150027B19B /* Foundation.framework in Frameworks */ = {isa = PBXBuildFile; fileRef = 6B81B56E180E2B150027B19B /* Foundation.framework */; };
		6B81B590180E2B150027B19B /* UIKit.framework in Frameworks */ = {isa = PBXBuildFile; fileRef = 6B81B572180E2B150027B19B /* UIKit.framework */; };
		6B81B598180E2B150027B19B /* InfoPlist.strings in Resources */ = {isa = PBXBuildFile; fileRef = 6B81B596180E2B150027B19B /* InfoPlist.strings */; };
		6B81B59A180E2B150027B19B /* AwesomeAppTests.m in Sources */ = {isa = PBXBuildFile; fileRef = 6B81B599180E2B150027B19B /* AwesomeAppTests.m */; };
		6B81B5A4180E2BA60027B19B /* awesome-button.png in Resources */ = {isa = PBXBuildFile; fileRef = 6B81B5A3180E2BA60027B19B /* awesome-button.png */; };
		6B81B5A6180E2C930027B19B /* person.png in Resources */ = {isa = PBXBuildFile; fileRef = 6B81B5A5180E2C930027B19B /* person.png */; };
		6B81B5A8180E36160027B19B /* AVFoundation.framework in Frameworks */ = {isa = PBXBuildFile; fileRef = 6B81B5A7180E36160027B19B /* AVFoundation.framework */; };
		6B81B5AF180E3CD90027B19B /* ImageIO.framework in Frameworks */ = {isa = PBXBuildFile; fileRef = 6B81B5A9180E3CD90027B19B /* ImageIO.framework */; };
		6B81B5B0180E3CD90027B19B /* QuartzCore.framework in Frameworks */ = {isa = PBXBuildFile; fileRef = 6B81B5AA180E3CD90027B19B /* QuartzCore.framework */; };
		6B81B5B1180E3CD90027B19B /* CoreMedia.framework in Frameworks */ = {isa = PBXBuildFile; fileRef = 6B81B5AB180E3CD90027B19B /* CoreMedia.framework */; };
		6B81B5B2180E3CD90027B19B /* AssetsLibrary.framework in Frameworks */ = {isa = PBXBuildFile; fileRef = 6B81B5AC180E3CD90027B19B /* AssetsLibrary.framework */; };
		6B81B5B3180E3CD90027B19B /* CoreImage.framework in Frameworks */ = {isa = PBXBuildFile; fileRef = 6B81B5AD180E3CD90027B19B /* CoreImage.framework */; };
		6B81B5B4180E3CD90027B19B /* CoreVideo.framework in Frameworks */ = {isa = PBXBuildFile; fileRef = 6B81B5AE180E3CD90027B19B /* CoreVideo.framework */; };
		6BFB72191820B0F000449F2C /* tmp-0.gif in Resources */ = {isa = PBXBuildFile; fileRef = 6BFB720D1820B0F000449F2C /* tmp-0.gif */; };
		6BFB721A1820B0F000449F2C /* tmp-1.gif in Resources */ = {isa = PBXBuildFile; fileRef = 6BFB720E1820B0F000449F2C /* tmp-1.gif */; };
		6BFB721B1820B0F000449F2C /* tmp-2.gif in Resources */ = {isa = PBXBuildFile; fileRef = 6BFB720F1820B0F000449F2C /* tmp-2.gif */; };
		6BFB721C1820B0F000449F2C /* tmp-3.gif in Resources */ = {isa = PBXBuildFile; fileRef = 6BFB72101820B0F000449F2C /* tmp-3.gif */; };
		6BFB721D1820B0F000449F2C /* tmp-4.gif in Resources */ = {isa = PBXBuildFile; fileRef = 6BFB72111820B0F000449F2C /* tmp-4.gif */; };
		6BFB721E1820B0F000449F2C /* tmp-5.gif in Resources */ = {isa = PBXBuildFile; fileRef = 6BFB72121820B0F000449F2C /* tmp-5.gif */; };
		6BFB721F1820B0F000449F2C /* tmp-6.gif in Resources */ = {isa = PBXBuildFile; fileRef = 6BFB72131820B0F000449F2C /* tmp-6.gif */; };
		6BFB72201820B0F000449F2C /* tmp-7.gif in Resources */ = {isa = PBXBuildFile; fileRef = 6BFB72141820B0F000449F2C /* tmp-7.gif */; };
		6BFB72211820B0F000449F2C /* tmp-8.gif in Resources */ = {isa = PBXBuildFile; fileRef = 6BFB72151820B0F000449F2C /* tmp-8.gif */; };
		6BFB72221820B0F000449F2C /* tmp-9.gif in Resources */ = {isa = PBXBuildFile; fileRef = 6BFB72161820B0F000449F2C /* tmp-9.gif */; };
		6BFB72231820B0F000449F2C /* tmp-10.gif in Resources */ = {isa = PBXBuildFile; fileRef = 6BFB72171820B0F000449F2C /* tmp-10.gif */; };
		6BFB72241820B0F000449F2C /* tmp-11.gif in Resources */ = {isa = PBXBuildFile; fileRef = 6BFB72181820B0F000449F2C /* tmp-11.gif */; };
		6BFB72281820BF2200449F2C /* icon@2x.png in Resources */ = {isa = PBXBuildFile; fileRef = 6BFB72261820BF2200449F2C /* icon@2x.png */; };
		6BFB72291820BF2200449F2C /* icon.png in Resources */ = {isa = PBXBuildFile; fileRef = 6BFB72271820BF2200449F2C /* icon.png */; };
		6BFB722B1820C0D500449F2C /* Default.png in Resources */ = {isa = PBXBuildFile; fileRef = 6BFB722A1820C0D500449F2C /* Default.png */; };
		6BFB722D1820C12800449F2C /* Default-568h@2x.png in Resources */ = {isa = PBXBuildFile; fileRef = 6BFB722C1820C12800449F2C /* Default-568h@2x.png */; };
		6BFB722F1820C13600449F2C /* Default@2x.png in Resources */ = {isa = PBXBuildFile; fileRef = 6BFB722E1820C13600449F2C /* Default@2x.png */; };
/* End PBXBuildFile section */

/* Begin PBXContainerItemProxy section */
		6B81B591180E2B150027B19B /* PBXContainerItemProxy */ = {
			isa = PBXContainerItemProxy;
			containerPortal = 6B81B563180E2B140027B19B /* Project object */;
			proxyType = 1;
			remoteGlobalIDString = 6B81B56A180E2B150027B19B;
			remoteInfo = AwesomeApp;
		};
/* End PBXContainerItemProxy section */

/* Begin PBXFileReference section */
		6B81B56B180E2B150027B19B /* AwesomeApp.app */ = {isa = PBXFileReference; explicitFileType = wrapper.application; includeInIndex = 0; path = AwesomeApp.app; sourceTree = BUILT_PRODUCTS_DIR; };
		6B81B56E180E2B150027B19B /* Foundation.framework */ = {isa = PBXFileReference; lastKnownFileType = wrapper.framework; name = Foundation.framework; path = System/Library/Frameworks/Foundation.framework; sourceTree = SDKROOT; };
		6B81B570180E2B150027B19B /* CoreGraphics.framework */ = {isa = PBXFileReference; lastKnownFileType = wrapper.framework; name = CoreGraphics.framework; path = System/Library/Frameworks/CoreGraphics.framework; sourceTree = SDKROOT; };
		6B81B572180E2B150027B19B /* UIKit.framework */ = {isa = PBXFileReference; lastKnownFileType = wrapper.framework; name = UIKit.framework; path = System/Library/Frameworks/UIKit.framework; sourceTree = SDKROOT; };
		6B81B576180E2B150027B19B /* AwesomeApp-Info.plist */ = {isa = PBXFileReference; lastKnownFileType = text.plist.xml; path = "AwesomeApp-Info.plist"; sourceTree = "<group>"; };
		6B81B578180E2B150027B19B /* en */ = {isa = PBXFileReference; lastKnownFileType = text.plist.strings; name = en; path = en.lproj/InfoPlist.strings; sourceTree = "<group>"; };
		6B81B57A180E2B150027B19B /* main.m */ = {isa = PBXFileReference; lastKnownFileType = sourcecode.c.objc; path = main.m; sourceTree = "<group>"; };
		6B81B57C180E2B150027B19B /* AwesomeApp-Prefix.pch */ = {isa = PBXFileReference; lastKnownFileType = sourcecode.c.h; path = "AwesomeApp-Prefix.pch"; sourceTree = "<group>"; };
		6B81B57D180E2B150027B19B /* AppDelegate.h */ = {isa = PBXFileReference; lastKnownFileType = sourcecode.c.h; path = AppDelegate.h; sourceTree = "<group>"; };
		6B81B57E180E2B150027B19B /* AppDelegate.m */ = {isa = PBXFileReference; lastKnownFileType = sourcecode.c.objc; path = AppDelegate.m; sourceTree = "<group>"; };
		6B81B581180E2B150027B19B /* Base */ = {isa = PBXFileReference; lastKnownFileType = file.storyboard; name = Base; path = Base.lproj/Main.storyboard; sourceTree = "<group>"; };
		6B81B583180E2B150027B19B /* ViewController.h */ = {isa = PBXFileReference; lastKnownFileType = sourcecode.c.h; path = ViewController.h; sourceTree = "<group>"; };
		6B81B584180E2B150027B19B /* ViewController.m */ = {isa = PBXFileReference; lastKnownFileType = sourcecode.c.objc; path = ViewController.m; sourceTree = "<group>"; };
		6B81B586180E2B150027B19B /* Images.xcassets */ = {isa = PBXFileReference; lastKnownFileType = folder.assetcatalog; path = Images.xcassets; sourceTree = "<group>"; };
		6B81B58C180E2B150027B19B /* AwesomeAppTests.xctest */ = {isa = PBXFileReference; explicitFileType = wrapper.cfbundle; includeInIndex = 0; path = AwesomeAppTests.xctest; sourceTree = BUILT_PRODUCTS_DIR; };
		6B81B58D180E2B150027B19B /* XCTest.framework */ = {isa = PBXFileReference; lastKnownFileType = wrapper.framework; name = XCTest.framework; path = Library/Frameworks/XCTest.framework; sourceTree = DEVELOPER_DIR; };
		6B81B595180E2B150027B19B /* AwesomeAppTests-Info.plist */ = {isa = PBXFileReference; lastKnownFileType = text.plist.xml; path = "AwesomeAppTests-Info.plist"; sourceTree = "<group>"; };
		6B81B597180E2B150027B19B /* en */ = {isa = PBXFileReference; lastKnownFileType = text.plist.strings; name = en; path = en.lproj/InfoPlist.strings; sourceTree = "<group>"; };
		6B81B599180E2B150027B19B /* AwesomeAppTests.m */ = {isa = PBXFileReference; lastKnownFileType = sourcecode.c.objc; path = AwesomeAppTests.m; sourceTree = "<group>"; };
		6B81B5A3180E2BA60027B19B /* awesome-button.png */ = {isa = PBXFileReference; lastKnownFileType = image.png; path = "awesome-button.png"; sourceTree = "<group>"; };
		6B81B5A5180E2C930027B19B /* person.png */ = {isa = PBXFileReference; lastKnownFileType = image.png; path = person.png; sourceTree = "<group>"; };
		6B81B5A7180E36160027B19B /* AVFoundation.framework */ = {isa = PBXFileReference; lastKnownFileType = wrapper.framework; name = AVFoundation.framework; path = System/Library/Frameworks/AVFoundation.framework; sourceTree = SDKROOT; };
		6B81B5A9180E3CD90027B19B /* ImageIO.framework */ = {isa = PBXFileReference; lastKnownFileType = wrapper.framework; name = ImageIO.framework; path = System/Library/Frameworks/ImageIO.framework; sourceTree = SDKROOT; };
		6B81B5AA180E3CD90027B19B /* QuartzCore.framework */ = {isa = PBXFileReference; lastKnownFileType = wrapper.framework; name = QuartzCore.framework; path = System/Library/Frameworks/QuartzCore.framework; sourceTree = SDKROOT; };
		6B81B5AB180E3CD90027B19B /* CoreMedia.framework */ = {isa = PBXFileReference; lastKnownFileType = wrapper.framework; name = CoreMedia.framework; path = System/Library/Frameworks/CoreMedia.framework; sourceTree = SDKROOT; };
		6B81B5AC180E3CD90027B19B /* AssetsLibrary.framework */ = {isa = PBXFileReference; lastKnownFileType = wrapper.framework; name = AssetsLibrary.framework; path = System/Library/Frameworks/AssetsLibrary.framework; sourceTree = SDKROOT; };
		6B81B5AD180E3CD90027B19B /* CoreImage.framework */ = {isa = PBXFileReference; lastKnownFileType = wrapper.framework; name = CoreImage.framework; path = System/Library/Frameworks/CoreImage.framework; sourceTree = SDKROOT; };
		6B81B5AE180E3CD90027B19B /* CoreVideo.framework */ = {isa = PBXFileReference; lastKnownFileType = wrapper.framework; name = CoreVideo.framework; path = System/Library/Frameworks/CoreVideo.framework; sourceTree = SDKROOT; };
		6BFB720D1820B0F000449F2C /* tmp-0.gif */ = {isa = PBXFileReference; lastKnownFileType = image.gif; path = "tmp-0.gif"; sourceTree = "<group>"; };
		6BFB720E1820B0F000449F2C /* tmp-1.gif */ = {isa = PBXFileReference; lastKnownFileType = image.gif; path = "tmp-1.gif"; sourceTree = "<group>"; };
		6BFB720F1820B0F000449F2C /* tmp-2.gif */ = {isa = PBXFileReference; lastKnownFileType = image.gif; path = "tmp-2.gif"; sourceTree = "<group>"; };
		6BFB72101820B0F000449F2C /* tmp-3.gif */ = {isa = PBXFileReference; lastKnownFileType = image.gif; path = "tmp-3.gif"; sourceTree = "<group>"; };
		6BFB72111820B0F000449F2C /* tmp-4.gif */ = {isa = PBXFileReference; lastKnownFileType = image.gif; path = "tmp-4.gif"; sourceTree = "<group>"; };
		6BFB72121820B0F000449F2C /* tmp-5.gif */ = {isa = PBXFileReference; lastKnownFileType = image.gif; path = "tmp-5.gif"; sourceTree = "<group>"; };
		6BFB72131820B0F000449F2C /* tmp-6.gif */ = {isa = PBXFileReference; lastKnownFileType = image.gif; path = "tmp-6.gif"; sourceTree = "<group>"; };
		6BFB72141820B0F000449F2C /* tmp-7.gif */ = {isa = PBXFileReference; lastKnownFileType = image.gif; path = "tmp-7.gif"; sourceTree = "<group>"; };
		6BFB72151820B0F000449F2C /* tmp-8.gif */ = {isa = PBXFileReference; lastKnownFileType = image.gif; path = "tmp-8.gif"; sourceTree = "<group>"; };
		6BFB72161820B0F000449F2C /* tmp-9.gif */ = {isa = PBXFileReference; lastKnownFileType = image.gif; path = "tmp-9.gif"; sourceTree = "<group>"; };
		6BFB72171820B0F000449F2C /* tmp-10.gif */ = {isa = PBXFileReference; lastKnownFileType = image.gif; path = "tmp-10.gif"; sourceTree = "<group>"; };
		6BFB72181820B0F000449F2C /* tmp-11.gif */ = {isa = PBXFileReference; lastKnownFileType = image.gif; path = "tmp-11.gif"; sourceTree = "<group>"; };
		6BFB72261820BF2200449F2C /* icon@2x.png */ = {isa = PBXFileReference; lastKnownFileType = image.png; path = "icon@2x.png"; sourceTree = "<group>"; };
		6BFB72271820BF2200449F2C /* icon.png */ = {isa = PBXFileReference; lastKnownFileType = image.png; path = icon.png; sourceTree = "<group>"; };
		6BFB722A1820C0D500449F2C /* Default.png */ = {isa = PBXFileReference; lastKnownFileType = image.png; path = Default.png; sourceTree = "<group>"; };
		6BFB722C1820C12800449F2C /* Default-568h@2x.png */ = {isa = PBXFileReference; lastKnownFileType = image.png; path = "Default-568h@2x.png"; sourceTree = "<group>"; };
		6BFB722E1820C13600449F2C /* Default@2x.png */ = {isa = PBXFileReference; lastKnownFileType = image.png; path = "Default@2x.png"; sourceTree = "<group>"; };
/* End PBXFileReference section */

/* Begin PBXFrameworksBuildPhase section */
		6B81B568180E2B150027B19B /* Frameworks */ = {
			isa = PBXFrameworksBuildPhase;
			buildActionMask = 2147483647;
			files = (
				6B81B5A8180E36160027B19B /* AVFoundation.framework in Frameworks */,
				6B81B571180E2B150027B19B /* CoreGraphics.framework in Frameworks */,
				6B81B5B3180E3CD90027B19B /* CoreImage.framework in Frameworks */,
				6B81B5B0180E3CD90027B19B /* QuartzCore.framework in Frameworks */,
				6B81B5B2180E3CD90027B19B /* AssetsLibrary.framework in Frameworks */,
				6B81B573180E2B150027B19B /* UIKit.framework in Frameworks */,
				6B81B56F180E2B150027B19B /* Foundation.framework in Frameworks */,
				6B81B5AF180E3CD90027B19B /* ImageIO.framework in Frameworks */,
				6B81B5B1180E3CD90027B19B /* CoreMedia.framework in Frameworks */,
				6B81B5B4180E3CD90027B19B /* CoreVideo.framework in Frameworks */,
			);
			runOnlyForDeploymentPostprocessing = 0;
		};
		6B81B589180E2B150027B19B /* Frameworks */ = {
			isa = PBXFrameworksBuildPhase;
			buildActionMask = 2147483647;
			files = (
				6B81B58E180E2B150027B19B /* XCTest.framework in Frameworks */,
				6B81B590180E2B150027B19B /* UIKit.framework in Frameworks */,
				6B81B58F180E2B150027B19B /* Foundation.framework in Frameworks */,
			);
			runOnlyForDeploymentPostprocessing = 0;
		};
/* End PBXFrameworksBuildPhase section */

/* Begin PBXGroup section */
		6B81B562180E2B140027B19B = {
			isa = PBXGroup;
			children = (
				6B81B574180E2B150027B19B /* AwesomeApp */,
				6B81B593180E2B150027B19B /* AwesomeAppTests */,
				6B81B56D180E2B150027B19B /* Frameworks */,
				6B81B56C180E2B150027B19B /* Products */,
			);
			sourceTree = "<group>";
		};
		6B81B56C180E2B150027B19B /* Products */ = {
			isa = PBXGroup;
			children = (
				6B81B56B180E2B150027B19B /* AwesomeApp.app */,
				6B81B58C180E2B150027B19B /* AwesomeAppTests.xctest */,
			);
			name = Products;
			sourceTree = "<group>";
		};
		6B81B56D180E2B150027B19B /* Frameworks */ = {
			isa = PBXGroup;
			children = (
				6B81B5A9180E3CD90027B19B /* ImageIO.framework */,
				6B81B5AA180E3CD90027B19B /* QuartzCore.framework */,
				6B81B5AB180E3CD90027B19B /* CoreMedia.framework */,
				6B81B5AC180E3CD90027B19B /* AssetsLibrary.framework */,
				6B81B5AD180E3CD90027B19B /* CoreImage.framework */,
				6B81B5AE180E3CD90027B19B /* CoreVideo.framework */,
				6B81B5A7180E36160027B19B /* AVFoundation.framework */,
				6B81B56E180E2B150027B19B /* Foundation.framework */,
				6B81B570180E2B150027B19B /* CoreGraphics.framework */,
				6B81B572180E2B150027B19B /* UIKit.framework */,
				6B81B58D180E2B150027B19B /* XCTest.framework */,
			);
			name = Frameworks;
			sourceTree = "<group>";
		};
		6B81B574180E2B150027B19B /* AwesomeApp */ = {
			isa = PBXGroup;
			children = (
				6B81B57D180E2B150027B19B /* AppDelegate.h */,
				6B81B57E180E2B150027B19B /* AppDelegate.m */,
				6B81B580180E2B150027B19B /* Main.storyboard */,
				6B81B583180E2B150027B19B /* ViewController.h */,
				6B81B584180E2B150027B19B /* ViewController.m */,
				6B81B586180E2B150027B19B /* Images.xcassets */,
				6B81B575180E2B150027B19B /* Supporting Files */,
			);
			path = AwesomeApp;
			sourceTree = "<group>";
		};
		6B81B575180E2B150027B19B /* Supporting Files */ = {
			isa = PBXGroup;
			children = (
				6BFB72251820B0FA00449F2C /* images */,
				6B81B5A5180E2C930027B19B /* person.png */,
				6B81B5A3180E2BA60027B19B /* awesome-button.png */,
				6B81B576180E2B150027B19B /* AwesomeApp-Info.plist */,
				6B81B577180E2B150027B19B /* InfoPlist.strings */,
				6B81B57A180E2B150027B19B /* main.m */,
				6B81B57C180E2B150027B19B /* AwesomeApp-Prefix.pch */,
			);
			name = "Supporting Files";
			sourceTree = "<group>";
		};
		6B81B593180E2B150027B19B /* AwesomeAppTests */ = {
			isa = PBXGroup;
			children = (
				6B81B599180E2B150027B19B /* AwesomeAppTests.m */,
				6B81B594180E2B150027B19B /* Supporting Files */,
			);
			path = AwesomeAppTests;
			sourceTree = "<group>";
		};
		6B81B594180E2B150027B19B /* Supporting Files */ = {
			isa = PBXGroup;
			children = (
				6B81B595180E2B150027B19B /* AwesomeAppTests-Info.plist */,
				6B81B596180E2B150027B19B /* InfoPlist.strings */,
			);
			name = "Supporting Files";
			sourceTree = "<group>";
		};
		6BFB72251820B0FA00449F2C /* images */ = {
			isa = PBXGroup;
			children = (
				6BFB722E1820C13600449F2C /* Default@2x.png */,
				6BFB722C1820C12800449F2C /* Default-568h@2x.png */,
				6BFB722A1820C0D500449F2C /* Default.png */,
				6BFB72261820BF2200449F2C /* icon@2x.png */,
				6BFB72271820BF2200449F2C /* icon.png */,
				6BFB720D1820B0F000449F2C /* tmp-0.gif */,
				6BFB720E1820B0F000449F2C /* tmp-1.gif */,
				6BFB720F1820B0F000449F2C /* tmp-2.gif */,
				6BFB72101820B0F000449F2C /* tmp-3.gif */,
				6BFB72111820B0F000449F2C /* tmp-4.gif */,
				6BFB72121820B0F000449F2C /* tmp-5.gif */,
				6BFB72131820B0F000449F2C /* tmp-6.gif */,
				6BFB72141820B0F000449F2C /* tmp-7.gif */,
				6BFB72151820B0F000449F2C /* tmp-8.gif */,
				6BFB72161820B0F000449F2C /* tmp-9.gif */,
				6BFB72171820B0F000449F2C /* tmp-10.gif */,
				6BFB72181820B0F000449F2C /* tmp-11.gif */,
			);
			name = images;
			sourceTree = "<group>";
		};
/* End PBXGroup section */

/* Begin PBXNativeTarget section */
		6B81B56A180E2B150027B19B /* AwesomeApp */ = {
			isa = PBXNativeTarget;
			buildConfigurationList = 6B81B59D180E2B150027B19B /* Build configuration list for PBXNativeTarget "AwesomeApp" */;
			buildPhases = (
				6B81B567180E2B150027B19B /* Sources */,
				6B81B568180E2B150027B19B /* Frameworks */,
				6B81B569180E2B150027B19B /* Resources */,
			);
			buildRules = (
			);
			dependencies = (
			);
			name = AwesomeApp;
			productName = AwesomeApp;
			productReference = 6B81B56B180E2B150027B19B /* AwesomeApp.app */;
			productType = "com.apple.product-type.application";
		};
		6B81B58B180E2B150027B19B /* AwesomeAppTests */ = {
			isa = PBXNativeTarget;
			buildConfigurationList = 6B81B5A0180E2B150027B19B /* Build configuration list for PBXNativeTarget "AwesomeAppTests" */;
			buildPhases = (
				6B81B588180E2B150027B19B /* Sources */,
				6B81B589180E2B150027B19B /* Frameworks */,
				6B81B58A180E2B150027B19B /* Resources */,
			);
			buildRules = (
			);
			dependencies = (
				6B81B592180E2B150027B19B /* PBXTargetDependency */,
			);
			name = AwesomeAppTests;
			productName = AwesomeAppTests;
			productReference = 6B81B58C180E2B150027B19B /* AwesomeAppTests.xctest */;
			productType = "com.apple.product-type.bundle.unit-test";
		};
/* End PBXNativeTarget section */

/* Begin PBXProject section */
		6B81B563180E2B140027B19B /* Project object */ = {
			isa = PBXProject;
			attributes = {
				LastUpgradeCheck = 0500;
				ORGANIZATIONNAME = "Vivian Aranha";
				TargetAttributes = {
					6B81B58B180E2B150027B19B = {
						TestTargetID = 6B81B56A180E2B150027B19B;
					};
				};
			};
			buildConfigurationList = 6B81B566180E2B140027B19B /* Build configuration list for PBXProject "AwesomeApp" */;
			compatibilityVersion = "Xcode 3.2";
			developmentRegion = English;
			hasScannedForEncodings = 0;
			knownRegions = (
				en,
				Base,
			);
			mainGroup = 6B81B562180E2B140027B19B;
			productRefGroup = 6B81B56C180E2B150027B19B /* Products */;
			projectDirPath = "";
			projectRoot = "";
			targets = (
				6B81B56A180E2B150027B19B /* AwesomeApp */,
				6B81B58B180E2B150027B19B /* AwesomeAppTests */,
			);
		};
/* End PBXProject section */

/* Begin PBXResourcesBuildPhase section */
		6B81B569180E2B150027B19B /* Resources */ = {
			isa = PBXResourcesBuildPhase;
			buildActionMask = 2147483647;
			files = (
				6B81B587180E2B150027B19B /* Images.xcassets in Resources */,
				6BFB721D1820B0F000449F2C /* tmp-4.gif in Resources */,
				6B81B579180E2B150027B19B /* InfoPlist.strings in Resources */,
				6BFB721A1820B0F000449F2C /* tmp-1.gif in Resources */,
				6B81B582180E2B150027B19B /* Main.storyboard in Resources */,
				6BFB722D1820C12800449F2C /* Default-568h@2x.png in Resources */,
				6BFB721F1820B0F000449F2C /* tmp-6.gif in Resources */,
				6BFB721E1820B0F000449F2C /* tmp-5.gif in Resources */,
				6BFB72241820B0F000449F2C /* tmp-11.gif in Resources */,
				6B81B5A4180E2BA60027B19B /* awesome-button.png in Resources */,
				6BFB721B1820B0F000449F2C /* tmp-2.gif in Resources */,
				6BFB72211820B0F000449F2C /* tmp-8.gif in Resources */,
				6B81B5A6180E2C930027B19B /* person.png in Resources */,
				6BFB72291820BF2200449F2C /* icon.png in Resources */,
				6BFB72221820B0F000449F2C /* tmp-9.gif in Resources */,
				6BFB72191820B0F000449F2C /* tmp-0.gif in Resources */,
				6BFB722F1820C13600449F2C /* Default@2x.png in Resources */,
				6BFB72231820B0F000449F2C /* tmp-10.gif in Resources */,
				6BFB721C1820B0F000449F2C /* tmp-3.gif in Resources */,
				6BFB72201820B0F000449F2C /* tmp-7.gif in Resources */,
				6BFB72281820BF2200449F2C /* icon@2x.png in Resources */,
				6BFB722B1820C0D500449F2C /* Default.png in Resources */,
			);
			runOnlyForDeploymentPostprocessing = 0;
		};
		6B81B58A180E2B150027B19B /* Resources */ = {
			isa = PBXResourcesBuildPhase;
			buildActionMask = 2147483647;
			files = (
				6B81B598180E2B150027B19B /* InfoPlist.strings in Resources */,
			);
			runOnlyForDeploymentPostprocessing = 0;
		};
/* End PBXResourcesBuildPhase section */

/* Begin PBXSourcesBuildPhase section */
		6B81B567180E2B150027B19B /* Sources */ = {
			isa = PBXSourcesBuildPhase;
			buildActionMask = 2147483647;
			files = (
				6B81B585180E2B150027B19B /* ViewController.m in Sources */,
				6B81B57F180E2B150027B19B /* AppDelegate.m in Sources */,
				6B81B57B180E2B150027B19B /* main.m in Sources */,
			);
			runOnlyForDeploymentPostprocessing = 0;
		};
		6B81B588180E2B150027B19B /* Sources */ = {
			isa = PBXSourcesBuildPhase;
			buildActionMask = 2147483647;
			files = (
				6B81B59A180E2B150027B19B /* AwesomeAppTests.m in Sources */,
			);
			runOnlyForDeploymentPostprocessing = 0;
		};
/* End PBXSourcesBuildPhase section */

/* Begin PBXTargetDependency section */
		6B81B592180E2B150027B19B /* PBXTargetDependency */ = {
			isa = PBXTargetDependency;
			target = 6B81B56A180E2B150027B19B /* AwesomeApp */;
			targetProxy = 6B81B591180E2B150027B19B /* PBXContainerItemProxy */;
		};
/* End PBXTargetDependency section */

/* Begin PBXVariantGroup section */
		6B81B577180E2B150027B19B /* InfoPlist.strings */ = {
			isa = PBXVariantGroup;
			children = (
				6B81B578180E2B150027B19B /* en */,
			);
			name = InfoPlist.strings;
			sourceTree = "<group>";
		};
		6B81B580180E2B150027B19B /* Main.storyboard */ = {
			isa = PBXVariantGroup;
			children = (
				6B81B581180E2B150027B19B /* Base */,
			);
			name = Main.storyboard;
			sourceTree = "<group>";
		};
		6B81B596180E2B150027B19B /* InfoPlist.strings */ = {
			isa = PBXVariantGroup;
			children = (
				6B81B597180E2B150027B19B /* en */,
			);
			name = InfoPlist.strings;
			sourceTree = "<group>";
		};
/* End PBXVariantGroup section */

/* Begin XCBuildConfiguration section */
		6B81B59B180E2B150027B19B /* Debug */ = {
			isa = XCBuildConfiguration;
			buildSettings = {
				ALWAYS_SEARCH_USER_PATHS = NO;
				ARCHS = "$(ARCHS_STANDARD_INCLUDING_64_BIT)";
				CLANG_CXX_LANGUAGE_STANDARD = "gnu++0x";
				CLANG_CXX_LIBRARY = "libc++";
				CLANG_ENABLE_MODULES = YES;
				CLANG_ENABLE_OBJC_ARC = YES;
				CLANG_WARN_BOOL_CONVERSION = YES;
				CLANG_WARN_CONSTANT_CONVERSION = YES;
				CLANG_WARN_DIRECT_OBJC_ISA_USAGE = YES_ERROR;
				CLANG_WARN_EMPTY_BODY = YES;
				CLANG_WARN_ENUM_CONVERSION = YES;
				CLANG_WARN_INT_CONVERSION = YES;
				CLANG_WARN_OBJC_ROOT_CLASS = YES_ERROR;
				CLANG_WARN__DUPLICATE_METHOD_MATCH = YES;
				"CODE_SIGN_IDENTITY[sdk=iphoneos*]" = "iPhone Developer";
				COPY_PHASE_STRIP = NO;
				GCC_C_LANGUAGE_STANDARD = gnu99;
				GCC_DYNAMIC_NO_PIC = NO;
				GCC_OPTIMIZATION_LEVEL = 0;
				GCC_PREPROCESSOR_DEFINITIONS = (
					"DEBUG=1",
					"$(inherited)",
				);
				GCC_SYMBOLS_PRIVATE_EXTERN = NO;
				GCC_WARN_64_TO_32_BIT_CONVERSION = YES;
				GCC_WARN_ABOUT_RETURN_TYPE = YES_ERROR;
				GCC_WARN_UNDECLARED_SELECTOR = YES;
				GCC_WARN_UNINITIALIZED_AUTOS = YES;
				GCC_WARN_UNUSED_FUNCTION = YES;
				GCC_WARN_UNUSED_VARIABLE = YES;
				IPHONEOS_DEPLOYMENT_TARGET = 7.0;
				ONLY_ACTIVE_ARCH = YES;
				SDKROOT = iphoneos;
			};
			name = Debug;
		};
		6B81B59C180E2B150027B19B /* Release */ = {
			isa = XCBuildConfiguration;
			buildSettings = {
				ALWAYS_SEARCH_USER_PATHS = NO;
				ARCHS = "$(ARCHS_STANDARD_INCLUDING_64_BIT)";
				CLANG_CXX_LANGUAGE_STANDARD = "gnu++0x";
				CLANG_CXX_LIBRARY = "libc++";
				CLANG_ENABLE_MODULES = YES;
				CLANG_ENABLE_OBJC_ARC = YES;
				CLANG_WARN_BOOL_CONVERSION = YES;
				CLANG_WARN_CONSTANT_CONVERSION = YES;
				CLANG_WARN_DIRECT_OBJC_ISA_USAGE = YES_ERROR;
				CLANG_WARN_EMPTY_BODY = YES;
				CLANG_WARN_ENUM_CONVERSION = YES;
				CLANG_WARN_INT_CONVERSION = YES;
				CLANG_WARN_OBJC_ROOT_CLASS = YES_ERROR;
				CLANG_WARN__DUPLICATE_METHOD_MATCH = YES;
				"CODE_SIGN_IDENTITY[sdk=iphoneos*]" = "iPhone Distribution";
				COPY_PHASE_STRIP = YES;
				ENABLE_NS_ASSERTIONS = NO;
				GCC_C_LANGUAGE_STANDARD = gnu99;
				GCC_WARN_64_TO_32_BIT_CONVERSION = YES;
				GCC_WARN_ABOUT_RETURN_TYPE = YES_ERROR;
				GCC_WARN_UNDECLARED_SELECTOR = YES;
				GCC_WARN_UNINITIALIZED_AUTOS = YES;
				GCC_WARN_UNUSED_FUNCTION = YES;
				GCC_WARN_UNUSED_VARIABLE = YES;
				IPHONEOS_DEPLOYMENT_TARGET = 7.0;
				SDKROOT = iphoneos;
				VALIDATE_PRODUCT = YES;
			};
			name = Release;
		};
		6B81B59E180E2B150027B19B /* Debug */ = {
			isa = XCBuildConfiguration;
			buildSettings = {
				GCC_PRECOMPILE_PREFIX_HEADER = YES;
				GCC_PREFIX_HEADER = "AwesomeApp/AwesomeApp-Prefix.pch";
				INFOPLIST_FILE = "AwesomeApp/AwesomeApp-Info.plist";
				PRODUCT_NAME = "$(TARGET_NAME)";
				WRAPPER_EXTENSION = app;
			};
			name = Debug;
		};
		6B81B59F180E2B150027B19B /* Release */ = {
			isa = XCBuildConfiguration;
			buildSettings = {
				GCC_PRECOMPILE_PREFIX_HEADER = YES;
				GCC_PREFIX_HEADER = "AwesomeApp/AwesomeApp-Prefix.pch";
				INFOPLIST_FILE = "AwesomeApp/AwesomeApp-Info.plist";
				PRODUCT_NAME = "$(TARGET_NAME)";
				WRAPPER_EXTENSION = app;
			};
			name = Release;
		};
		6B81B5A1180E2B150027B19B /* Debug */ = {
			isa = XCBuildConfiguration;
			buildSettings = {
				ARCHS = "$(ARCHS_STANDARD_INCLUDING_64_BIT)";
				BUNDLE_LOADER = "$(BUILT_PRODUCTS_DIR)/AwesomeApp.app/AwesomeApp";
				FRAMEWORK_SEARCH_PATHS = (
					"$(SDKROOT)/Developer/Library/Frameworks",
					"$(inherited)",
					"$(DEVELOPER_FRAMEWORKS_DIR)",
				);
				GCC_PRECOMPILE_PREFIX_HEADER = YES;
				GCC_PREFIX_HEADER = "AwesomeApp/AwesomeApp-Prefix.pch";
				GCC_PREPROCESSOR_DEFINITIONS = (
					"DEBUG=1",
					"$(inherited)",
				);
				INFOPLIST_FILE = "AwesomeAppTests/AwesomeAppTests-Info.plist";
				PRODUCT_NAME = "$(TARGET_NAME)";
				TEST_HOST = "$(BUNDLE_LOADER)";
				WRAPPER_EXTENSION = xctest;
			};
			name = Debug;
		};
		6B81B5A2180E2B150027B19B /* Release */ = {
			isa = XCBuildConfiguration;
			buildSettings = {
				ARCHS = "$(ARCHS_STANDARD_INCLUDING_64_BIT)";
				BUNDLE_LOADER = "$(BUILT_PRODUCTS_DIR)/AwesomeApp.app/AwesomeApp";
				FRAMEWORK_SEARCH_PATHS = (
					"$(SDKROOT)/Developer/Library/Frameworks",
					"$(inherited)",
					"$(DEVELOPER_FRAMEWORKS_DIR)",
				);
				GCC_PRECOMPILE_PREFIX_HEADER = YES;
				GCC_PREFIX_HEADER = "AwesomeApp/AwesomeApp-Prefix.pch";
				INFOPLIST_FILE = "AwesomeAppTests/AwesomeAppTests-Info.plist";
				PRODUCT_NAME = "$(TARGET_NAME)";
				TEST_HOST = "$(BUNDLE_LOADER)";
				WRAPPER_EXTENSION = xctest;
			};
			name = Release;
		};
/* End XCBuildConfiguration section */

/* Begin XCConfigurationList section */
		6B81B566180E2B140027B19B /* Build configuration list for PBXProject "AwesomeApp" */ = {
			isa = XCConfigurationList;
			buildConfigurations = (
				6B81B59B180E2B150027B19B /* Debug */,
				6B81B59C180E2B150027B19B /* Release */,
			);
			defaultConfigurationIsVisible = 0;
			defaultConfigurationName = Release;
		};
		6B81B59D180E2B150027B19B /* Build configuration list for PBXNativeTarget "AwesomeApp" */ = {
			isa = XCConfigurationList;
			buildConfigurations = (
				6B81B59E180E2B150027B19B /* Debug */,
				6B81B59F180E2B150027B19B /* Release */,
			);
			defaultConfigurationIsVisible = 0;
			defaultConfigurationName = Release;
		};
		6B81B5A0180E2B150027B19B /* Build configuration list for PBXNativeTarget "AwesomeAppTests" */ = {
			isa = XCConfigurationList;
			buildConfigurations = (
				6B81B5A1180E2B150027B19B /* Debug */,
				6B81B5A2180E2B150027B19B /* Release */,
			);
			defaultConfigurationIsVisible = 0;
			defaultConfigurationName = Release;
		};
/* End XCConfigurationList section */
	};
	rootObject = 6B81B563180E2B140027B19B /* Project object */;
}
